// !$*UTF8*$!
{
	archiveVersion = 1;
	classes = {
	};
	objectVersion = 48;
	objects = {

/* Begin PBXBuildFile section */
		11F701BC1FAB4DD1969BCCE1 /* Pods_BestBefore.framework in Frameworks */ = {isa = PBXBuildFile; fileRef = EFFC7E855CA1BB5B18A17E90 /* Pods_BestBefore.framework */; };
		6682E6E8202C2BD900F7C902 /* AlarmViewController.swift in Sources */ = {isa = PBXBuildFile; fileRef = 6682E6E7202C2BD900F7C902 /* AlarmViewController.swift */; };
		6694C272202DC7A700F4441F /* Media.xcassets in Resources */ = {isa = PBXBuildFile; fileRef = 6694C271202DC7A700F4441F /* Media.xcassets */; };
		66B7D186202975B500B5F9D0 /* AddTableViewController.swift in Sources */ = {isa = PBXBuildFile; fileRef = 66B7D185202975B500B5F9D0 /* AddTableViewController.swift */; };
		66C368B92022B7AD000FCD5D /* AppDelegate.swift in Sources */ = {isa = PBXBuildFile; fileRef = 66C368B82022B7AD000FCD5D /* AppDelegate.swift */; };
		66C368BB2022B7AD000FCD5D /* ViewController.swift in Sources */ = {isa = PBXBuildFile; fileRef = 66C368BA2022B7AD000FCD5D /* ViewController.swift */; };
		66C368BE2022B7AD000FCD5D /* Main.storyboard in Resources */ = {isa = PBXBuildFile; fileRef = 66C368BC2022B7AD000FCD5D /* Main.storyboard */; };
		66C368C02022B7AD000FCD5D /* Assets.xcassets in Resources */ = {isa = PBXBuildFile; fileRef = 66C368BF2022B7AD000FCD5D /* Assets.xcassets */; };
		66C368C32022B7AD000FCD5D /* LaunchScreen.storyboard in Resources */ = {isa = PBXBuildFile; fileRef = 66C368C12022B7AD000FCD5D /* LaunchScreen.storyboard */; };
		66C368CB2022B7FC000FCD5D /* D-dayTableViewController.swift in Sources */ = {isa = PBXBuildFile; fileRef = 66C368CA2022B7FC000FCD5D /* D-dayTableViewController.swift */; };
		66C368CD2022B959000FCD5D /* FoodClass.swift in Sources */ = {isa = PBXBuildFile; fileRef = 66C368CC2022B959000FCD5D /* FoodClass.swift */; };
		66C695C6202AB756005C15DC /* AlarmTableViewController.swift in Sources */ = {isa = PBXBuildFile; fileRef = 66C695C5202AB756005C15DC /* AlarmTableViewController.swift */; };
		66C695C8202AEC98005C15DC /* AlarmListTableViewController.swift in Sources */ = {isa = PBXBuildFile; fileRef = 66C695C7202AEC98005C15DC /* AlarmListTableViewController.swift */; };
		66CEC409202C3CBA000F2BD3 /* AlarmTableViewCell.swift in Sources */ = {isa = PBXBuildFile; fileRef = 66CEC408202C3CBA000F2BD3 /* AlarmTableViewCell.swift */; };
		66CEC432202C73FD000F2BD3 /* tessdata in Resources */ = {isa = PBXBuildFile; fileRef = 66CEC431202C73FD000F2BD3 /* tessdata */; };
		66E2B8492029421A00EC0936 /* D-DayTableViewCell.swift in Sources */ = {isa = PBXBuildFile; fileRef = 66E2B8482029421A00EC0936 /* D-DayTableViewCell.swift */; };
		66E3726F202DA77D00A9C88F /* TesseractOCRTableViewController.swift in Sources */ = {isa = PBXBuildFile; fileRef = 66E3726E202DA77D00A9C88F /* TesseractOCRTableViewController.swift */; };
		66F574AB202BDE4F00F2FBD3 /* AlarmClass.swift in Sources */ = {isa = PBXBuildFile; fileRef = 66F574AA202BDE4F00F2FBD3 /* AlarmClass.swift */; };
		66F574AF202BF13C00F2FBD3 /* DetailTableViewController.swift in Sources */ = {isa = PBXBuildFile; fileRef = 66F574AE202BF13C00F2FBD3 /* DetailTableViewController.swift */; };
		66F574B9202D37DD00F2FBD3 /* DataCenter.swift in Sources */ = {isa = PBXBuildFile; fileRef = 66F574B8202D37DD00F2FBD3 /* DataCenter.swift */; };
		66F971D6202ADE8900137605 /* setting.storyboard in Resources */ = {isa = PBXBuildFile; fileRef = 66F971D4202ADE8900137605 /* setting.storyboard */; };
		BC3A2ECF209F6EF50015E288 /* imageEditViewController.swift in Sources */ = {isa = PBXBuildFile; fileRef = BC3A2ECE209F6EF50015E288 /* imageEditViewController.swift */; };
		BCFF5A6020B5DA4C006642F1 /* CropViewController.swift in Sources */ = {isa = PBXBuildFile; fileRef = BCFF5A5F20B5DA4C006642F1 /* CropViewController.swift */; };
		BCFF5A6220B5DA80006642F1 /* CropView.swift in Sources */ = {isa = PBXBuildFile; fileRef = BCFF5A6120B5DA80006642F1 /* CropView.swift */; };
		BCFF5A6420B5DACB006642F1 /* CropRectView.swift in Sources */ = {isa = PBXBuildFile; fileRef = BCFF5A6320B5DACB006642F1 /* CropRectView.swift */; };
		BCFF5A6620B5DB06006642F1 /* ResizeControl.swift in Sources */ = {isa = PBXBuildFile; fileRef = BCFF5A6520B5DB06006642F1 /* ResizeControl.swift */; };
		BCFF5A6820B5DB40006642F1 /* UIImage+Crop.swift in Sources */ = {isa = PBXBuildFile; fileRef = BCFF5A6720B5DB40006642F1 /* UIImage+Crop.swift */; };
		D79AB0BA202EC9DD00109C97 /* willAlertFood.swift in Sources */ = {isa = PBXBuildFile; fileRef = D79AB0B9202EC9DD00109C97 /* willAlertFood.swift */; };
		DD21AC4420FE11A30015BA27 /* VoiceOver.swift in Sources */ = {isa = PBXBuildFile; fileRef = DD21AC3E20FE11A30015BA27 /* VoiceOver.swift */; };
		DD21AC4520FE11A30015BA27 /* Utilities.swift in Sources */ = {isa = PBXBuildFile; fileRef = DD21AC3F20FE11A30015BA27 /* Utilities.swift */; };
		DD21AC4620FE11A30015BA27 /* TextDetection.swift in Sources */ = {isa = PBXBuildFile; fileRef = DD21AC4020FE11A30015BA27 /* TextDetection.swift */; };
		DD21AC4720FE11A30015BA27 /* DocumentLayoutAnalysis.swift in Sources */ = {isa = PBXBuildFile; fileRef = DD21AC4120FE11A30015BA27 /* DocumentLayoutAnalysis.swift */; };
		DD21AC4820FE11A30015BA27 /* Camera.swift in Sources */ = {isa = PBXBuildFile; fileRef = DD21AC4220FE11A30015BA27 /* Camera.swift */; };
		DD21AC4920FE11A30015BA27 /* TesseractOCR.swift in Sources */ = {isa = PBXBuildFile; fileRef = DD21AC4320FE11A30015BA27 /* TesseractOCR.swift */; };
		EC8CE3B220EE50B0002AEB91 /* StringExtension.swift in Sources */ = {isa = PBXBuildFile; fileRef = EC8CE3B120EE50B0002AEB91 /* StringExtension.swift */; };
/* End PBXBuildFile section */

/* Begin PBXFileReference section */
		04897A78C29761FF6F278F7B /* Pods-BestBefore.debug.xcconfig */ = {isa = PBXFileReference; includeInIndex = 1; lastKnownFileType = text.xcconfig; name = "Pods-BestBefore.debug.xcconfig"; path = "Pods/Target Support Files/Pods-BestBefore/Pods-BestBefore.debug.xcconfig"; sourceTree = "<group>"; };
		6682E6E7202C2BD900F7C902 /* AlarmViewController.swift */ = {isa = PBXFileReference; lastKnownFileType = sourcecode.swift; path = AlarmViewController.swift; sourceTree = "<group>"; };
		6694C271202DC7A700F4441F /* Media.xcassets */ = {isa = PBXFileReference; lastKnownFileType = folder.assetcatalog; name = Media.xcassets; path = ../../../../Desktop/video/Media.xcassets; sourceTree = "<group>"; };
		66B7D185202975B500B5F9D0 /* AddTableViewController.swift */ = {isa = PBXFileReference; lastKnownFileType = sourcecode.swift; path = AddTableViewController.swift; sourceTree = "<group>"; };
		66C368B52022B7AD000FCD5D /* BestBefore.app */ = {isa = PBXFileReference; explicitFileType = wrapper.application; includeInIndex = 0; path = BestBefore.app; sourceTree = BUILT_PRODUCTS_DIR; };
		66C368B82022B7AD000FCD5D /* AppDelegate.swift */ = {isa = PBXFileReference; lastKnownFileType = sourcecode.swift; path = AppDelegate.swift; sourceTree = "<group>"; };
		66C368BA2022B7AD000FCD5D /* ViewController.swift */ = {isa = PBXFileReference; lastKnownFileType = sourcecode.swift; path = ViewController.swift; sourceTree = "<group>"; };
		66C368BD2022B7AD000FCD5D /* Base */ = {isa = PBXFileReference; lastKnownFileType = file.storyboard; name = Base; path = Base.lproj/Main.storyboard; sourceTree = "<group>"; };
		66C368BF2022B7AD000FCD5D /* Assets.xcassets */ = {isa = PBXFileReference; lastKnownFileType = folder.assetcatalog; path = Assets.xcassets; sourceTree = "<group>"; };
		66C368C22022B7AD000FCD5D /* Base */ = {isa = PBXFileReference; lastKnownFileType = file.storyboard; name = Base; path = Base.lproj/LaunchScreen.storyboard; sourceTree = "<group>"; };
		66C368C42022B7AD000FCD5D /* Info.plist */ = {isa = PBXFileReference; lastKnownFileType = text.plist.xml; path = Info.plist; sourceTree = "<group>"; };
		66C368CA2022B7FC000FCD5D /* D-dayTableViewController.swift */ = {isa = PBXFileReference; lastKnownFileType = sourcecode.swift; path = "D-dayTableViewController.swift"; sourceTree = "<group>"; };
		66C368CC2022B959000FCD5D /* FoodClass.swift */ = {isa = PBXFileReference; lastKnownFileType = sourcecode.swift; path = FoodClass.swift; sourceTree = "<group>"; };
		66C695C5202AB756005C15DC /* AlarmTableViewController.swift */ = {isa = PBXFileReference; lastKnownFileType = sourcecode.swift; path = AlarmTableViewController.swift; sourceTree = "<group>"; };
		66C695C7202AEC98005C15DC /* AlarmListTableViewController.swift */ = {isa = PBXFileReference; lastKnownFileType = sourcecode.swift; path = AlarmListTableViewController.swift; sourceTree = "<group>"; };
		66CEC408202C3CBA000F2BD3 /* AlarmTableViewCell.swift */ = {isa = PBXFileReference; lastKnownFileType = sourcecode.swift; path = AlarmTableViewCell.swift; sourceTree = "<group>"; };
		66CEC431202C73FD000F2BD3 /* tessdata */ = {isa = PBXFileReference; lastKnownFileType = folder; path = tessdata; sourceTree = "<group>"; };
		66E2B8482029421A00EC0936 /* D-DayTableViewCell.swift */ = {isa = PBXFileReference; lastKnownFileType = sourcecode.swift; path = "D-DayTableViewCell.swift"; sourceTree = "<group>"; };
		66E3726E202DA77D00A9C88F /* TesseractOCRTableViewController.swift */ = {isa = PBXFileReference; lastKnownFileType = sourcecode.swift; path = TesseractOCRTableViewController.swift; sourceTree = "<group>"; };
		66F574AA202BDE4F00F2FBD3 /* AlarmClass.swift */ = {isa = PBXFileReference; lastKnownFileType = sourcecode.swift; path = AlarmClass.swift; sourceTree = "<group>"; };
		66F574AE202BF13C00F2FBD3 /* DetailTableViewController.swift */ = {isa = PBXFileReference; lastKnownFileType = sourcecode.swift; path = DetailTableViewController.swift; sourceTree = "<group>"; };
		66F574B8202D37DD00F2FBD3 /* DataCenter.swift */ = {isa = PBXFileReference; lastKnownFileType = sourcecode.swift; path = DataCenter.swift; sourceTree = "<group>"; };
		66F971D5202ADE8900137605 /* Base */ = {isa = PBXFileReference; lastKnownFileType = file.storyboard; name = Base; path = BestBefore/Base.lproj/setting.storyboard; sourceTree = "<group>"; };
		A8B521C4509313A25C0D6BCA /* Pods-BestBefore.release.xcconfig */ = {isa = PBXFileReference; includeInIndex = 1; lastKnownFileType = text.xcconfig; name = "Pods-BestBefore.release.xcconfig"; path = "Pods/Target Support Files/Pods-BestBefore/Pods-BestBefore.release.xcconfig"; sourceTree = "<group>"; };
		BC3A2ECE209F6EF50015E288 /* imageEditViewController.swift */ = {isa = PBXFileReference; lastKnownFileType = sourcecode.swift; path = imageEditViewController.swift; sourceTree = "<group>"; };
		BCFF5A5F20B5DA4C006642F1 /* CropViewController.swift */ = {isa = PBXFileReference; lastKnownFileType = sourcecode.swift; path = CropViewController.swift; sourceTree = "<group>"; };
		BCFF5A6120B5DA80006642F1 /* CropView.swift */ = {isa = PBXFileReference; lastKnownFileType = sourcecode.swift; path = CropView.swift; sourceTree = "<group>"; };
		BCFF5A6320B5DACB006642F1 /* CropRectView.swift */ = {isa = PBXFileReference; lastKnownFileType = sourcecode.swift; path = CropRectView.swift; sourceTree = "<group>"; };
		BCFF5A6520B5DB06006642F1 /* ResizeControl.swift */ = {isa = PBXFileReference; lastKnownFileType = sourcecode.swift; path = ResizeControl.swift; sourceTree = "<group>"; };
		BCFF5A6720B5DB40006642F1 /* UIImage+Crop.swift */ = {isa = PBXFileReference; lastKnownFileType = sourcecode.swift; path = "UIImage+Crop.swift"; sourceTree = "<group>"; };
		BCFF5A6A20B5DEE5006642F1 /* BestBefore-Bridging-Header.h */ = {isa = PBXFileReference; lastKnownFileType = sourcecode.c.h; path = "BestBefore-Bridging-Header.h"; sourceTree = "<group>"; };
		BCFF5A6E20B5DF7B006642F1 /* CropViewController.h */ = {isa = PBXFileReference; lastKnownFileType = sourcecode.c.h; path = CropViewController.h; sourceTree = "<group>"; };
		D79AB0B9202EC9DD00109C97 /* willAlertFood.swift */ = {isa = PBXFileReference; lastKnownFileType = sourcecode.swift; path = willAlertFood.swift; sourceTree = "<group>"; };
		DD21AC3E20FE11A30015BA27 /* VoiceOver.swift */ = {isa = PBXFileReference; fileEncoding = 4; lastKnownFileType = sourcecode.swift; path = VoiceOver.swift; sourceTree = "<group>"; };
		DD21AC3F20FE11A30015BA27 /* Utilities.swift */ = {isa = PBXFileReference; fileEncoding = 4; lastKnownFileType = sourcecode.swift; path = Utilities.swift; sourceTree = "<group>"; };
		DD21AC4020FE11A30015BA27 /* TextDetection.swift */ = {isa = PBXFileReference; fileEncoding = 4; lastKnownFileType = sourcecode.swift; path = TextDetection.swift; sourceTree = "<group>"; };
		DD21AC4120FE11A30015BA27 /* DocumentLayoutAnalysis.swift */ = {isa = PBXFileReference; fileEncoding = 4; lastKnownFileType = sourcecode.swift; path = DocumentLayoutAnalysis.swift; sourceTree = "<group>"; };
		DD21AC4220FE11A30015BA27 /* Camera.swift */ = {isa = PBXFileReference; fileEncoding = 4; lastKnownFileType = sourcecode.swift; path = Camera.swift; sourceTree = "<group>"; };
		DD21AC4320FE11A30015BA27 /* TesseractOCR.swift */ = {isa = PBXFileReference; fileEncoding = 4; lastKnownFileType = sourcecode.swift; path = TesseractOCR.swift; sourceTree = "<group>"; };
		EC8CE3B120EE50B0002AEB91 /* StringExtension.swift */ = {isa = PBXFileReference; lastKnownFileType = sourcecode.swift; path = StringExtension.swift; sourceTree = "<group>"; };
		EFFC7E855CA1BB5B18A17E90 /* Pods_BestBefore.framework */ = {isa = PBXFileReference; explicitFileType = wrapper.framework; includeInIndex = 0; path = Pods_BestBefore.framework; sourceTree = BUILT_PRODUCTS_DIR; };
/* End PBXFileReference section */

/* Begin PBXFrameworksBuildPhase section */
		66C368B22022B7AD000FCD5D /* Frameworks */ = {
			isa = PBXFrameworksBuildPhase;
			buildActionMask = 2147483647;
			files = (
				11F701BC1FAB4DD1969BCCE1 /* Pods_BestBefore.framework in Frameworks */,
			);
			runOnlyForDeploymentPostprocessing = 0;
		};
/* End PBXFrameworksBuildPhase section */

/* Begin PBXGroup section */
		66C368AC2022B7AC000FCD5D = {
			isa = PBXGroup;
			children = (
				6694C271202DC7A700F4441F /* Media.xcassets */,
				66C368B72022B7AD000FCD5D /* BestBefore */,
				66C368B62022B7AD000FCD5D /* Products */,
				998F67C3456DE5BF96660994 /* Pods */,
				E92B9DCCD3A47239F5FB37EB /* Frameworks */,
			);
			sourceTree = "<group>";
		};
		66C368B62022B7AD000FCD5D /* Products */ = {
			isa = PBXGroup;
			children = (
				66C368B52022B7AD000FCD5D /* BestBefore.app */,
			);
			name = Products;
			sourceTree = "<group>";
		};
		66C368B72022B7AD000FCD5D /* BestBefore */ = {
			isa = PBXGroup;
			children = (
				DD21AC3D20FE11A30015BA27 /* Custom */,
				66CEC431202C73FD000F2BD3 /* tessdata */,
				66F971D4202ADE8900137605 /* setting.storyboard */,
				6682E6E7202C2BD900F7C902 /* AlarmViewController.swift */,
				66C695C7202AEC98005C15DC /* AlarmListTableViewController.swift */,
				BC3A2ECE209F6EF50015E288 /* imageEditViewController.swift */,
				EC8CE3B120EE50B0002AEB91 /* StringExtension.swift */,
				66F574AA202BDE4F00F2FBD3 /* AlarmClass.swift */,
				66C368CC2022B959000FCD5D /* FoodClass.swift */,
				D79AB0B9202EC9DD00109C97 /* willAlertFood.swift */,
				66F574B8202D37DD00F2FBD3 /* DataCenter.swift */,
				66B7D185202975B500B5F9D0 /* AddTableViewController.swift */,
				66C368B82022B7AD000FCD5D /* AppDelegate.swift */,
				66C368BA2022B7AD000FCD5D /* ViewController.swift */,
				66C368CA2022B7FC000FCD5D /* D-dayTableViewController.swift */,
				66C368BC2022B7AD000FCD5D /* Main.storyboard */,
				66E2B8482029421A00EC0936 /* D-DayTableViewCell.swift */,
				66C368BF2022B7AD000FCD5D /* Assets.xcassets */,
				66C368C12022B7AD000FCD5D /* LaunchScreen.storyboard */,
				66C368C42022B7AD000FCD5D /* Info.plist */,
				66F574AE202BF13C00F2FBD3 /* DetailTableViewController.swift */,
				66C695C5202AB756005C15DC /* AlarmTableViewController.swift */,
				66CEC408202C3CBA000F2BD3 /* AlarmTableViewCell.swift */,
				66E3726E202DA77D00A9C88F /* TesseractOCRTableViewController.swift */,
				BCFF5A6E20B5DF7B006642F1 /* CropViewController.h */,
				BCFF5A6320B5DACB006642F1 /* CropRectView.swift */,
				BCFF5A6520B5DB06006642F1 /* ResizeControl.swift */,
				BCFF5A6720B5DB40006642F1 /* UIImage+Crop.swift */,
				BCFF5A6120B5DA80006642F1 /* CropView.swift */,
				BCFF5A5F20B5DA4C006642F1 /* CropViewController.swift */,
				BCFF5A6A20B5DEE5006642F1 /* BestBefore-Bridging-Header.h */,
			);
			path = BestBefore;
			sourceTree = "<group>";
		};
		998F67C3456DE5BF96660994 /* Pods */ = {
			isa = PBXGroup;
			children = (
				04897A78C29761FF6F278F7B /* Pods-BestBefore.debug.xcconfig */,
				A8B521C4509313A25C0D6BCA /* Pods-BestBefore.release.xcconfig */,
			);
			name = Pods;
			sourceTree = "<group>";
		};
		DD21AC3D20FE11A30015BA27 /* Custom */ = {
			isa = PBXGroup;
			children = (
				DD21AC3E20FE11A30015BA27 /* VoiceOver.swift */,
				DD21AC3F20FE11A30015BA27 /* Utilities.swift */,
				DD21AC4020FE11A30015BA27 /* TextDetection.swift */,
				DD21AC4120FE11A30015BA27 /* DocumentLayoutAnalysis.swift */,
				DD21AC4220FE11A30015BA27 /* Camera.swift */,
				DD21AC4320FE11A30015BA27 /* TesseractOCR.swift */,
			);
			path = Custom;
			sourceTree = "<group>";
		};
		E92B9DCCD3A47239F5FB37EB /* Frameworks */ = {
			isa = PBXGroup;
			children = (
				EFFC7E855CA1BB5B18A17E90 /* Pods_BestBefore.framework */,
			);
			name = Frameworks;
			sourceTree = "<group>";
		};
/* End PBXGroup section */

/* Begin PBXNativeTarget section */
		66C368B42022B7AD000FCD5D /* BestBefore */ = {
			isa = PBXNativeTarget;
			buildConfigurationList = 66C368C72022B7AD000FCD5D /* Build configuration list for PBXNativeTarget "BestBefore" */;
			buildPhases = (
				1839894973C8E868FC98B5EA /* [CP] Check Pods Manifest.lock */,
				66C368B12022B7AD000FCD5D /* Sources */,
				66C368B22022B7AD000FCD5D /* Frameworks */,
				66C368B32022B7AD000FCD5D /* Resources */,
				F32CC0D4D17A169709A2AF5F /* [CP] Embed Pods Frameworks */,
				745E6C90D8B933B3328869A7 /* [CP] Copy Pods Resources */,
			);
			buildRules = (
			);
			dependencies = (
			);
			name = BestBefore;
			productName = BestBefore;
			productReference = 66C368B52022B7AD000FCD5D /* BestBefore.app */;
			productType = "com.apple.product-type.application";
		};
/* End PBXNativeTarget section */

/* Begin PBXProject section */
		66C368AD2022B7AC000FCD5D /* Project object */ = {
			isa = PBXProject;
			attributes = {
				LastSwiftUpdateCheck = 0920;
				LastUpgradeCheck = 0930;
				ORGANIZATIONNAME = 0;
				TargetAttributes = {
					66C368B42022B7AD000FCD5D = {
						CreatedOnToolsVersion = 9.2;
						LastSwiftMigration = 0930;
						ProvisioningStyle = Automatic;
					};
				};
			};
			buildConfigurationList = 66C368B02022B7AC000FCD5D /* Build configuration list for PBXProject "BestBefore" */;
			compatibilityVersion = "Xcode 8.0";
			developmentRegion = en;
			hasScannedForEncodings = 0;
			knownRegions = (
				en,
				Base,
			);
			mainGroup = 66C368AC2022B7AC000FCD5D;
			productRefGroup = 66C368B62022B7AD000FCD5D /* Products */;
			projectDirPath = "";
			projectRoot = "";
			targets = (
				66C368B42022B7AD000FCD5D /* BestBefore */,
			);
		};
/* End PBXProject section */

/* Begin PBXResourcesBuildPhase section */
		66C368B32022B7AD000FCD5D /* Resources */ = {
			isa = PBXResourcesBuildPhase;
			buildActionMask = 2147483647;
			files = (
				66C368C32022B7AD000FCD5D /* LaunchScreen.storyboard in Resources */,
				66C368C02022B7AD000FCD5D /* Assets.xcassets in Resources */,
				66CEC432202C73FD000F2BD3 /* tessdata in Resources */,
				66C368BE2022B7AD000FCD5D /* Main.storyboard in Resources */,
				6694C272202DC7A700F4441F /* Media.xcassets in Resources */,
				66F971D6202ADE8900137605 /* setting.storyboard in Resources */,
			);
			runOnlyForDeploymentPostprocessing = 0;
		};
/* End PBXResourcesBuildPhase section */

/* Begin PBXShellScriptBuildPhase section */
		1839894973C8E868FC98B5EA /* [CP] Check Pods Manifest.lock */ = {
			isa = PBXShellScriptBuildPhase;
			buildActionMask = 2147483647;
			files = (
			);
			inputPaths = (
				"${PODS_PODFILE_DIR_PATH}/Podfile.lock",
				"${PODS_ROOT}/Manifest.lock",
			);
			name = "[CP] Check Pods Manifest.lock";
			outputPaths = (
				"$(DERIVED_FILE_DIR)/Pods-BestBefore-checkManifestLockResult.txt",
			);
			runOnlyForDeploymentPostprocessing = 0;
			shellPath = /bin/sh;
			shellScript = "diff \"${PODS_PODFILE_DIR_PATH}/Podfile.lock\" \"${PODS_ROOT}/Manifest.lock\" > /dev/null\nif [ $? != 0 ] ; then\n    # print error to STDERR\n    echo \"error: The sandbox is not in sync with the Podfile.lock. Run 'pod install' or update your CocoaPods installation.\" >&2\n    exit 1\nfi\n# This output is used by Xcode 'outputs' to avoid re-running this script phase.\necho \"SUCCESS\" > \"${SCRIPT_OUTPUT_FILE_0}\"\n";
			showEnvVarsInLog = 0;
		};
		745E6C90D8B933B3328869A7 /* [CP] Copy Pods Resources */ = {
			isa = PBXShellScriptBuildPhase;
			buildActionMask = 2147483647;
			files = (
			);
			inputPaths = (
			);
			name = "[CP] Copy Pods Resources";
			outputPaths = (
			);
			runOnlyForDeploymentPostprocessing = 0;
			shellPath = /bin/sh;
			shellScript = "\"${SRCROOT}/Pods/Target Support Files/Pods-BestBefore/Pods-BestBefore-resources.sh\"\n";
			showEnvVarsInLog = 0;
		};
		F32CC0D4D17A169709A2AF5F /* [CP] Embed Pods Frameworks */ = {
			isa = PBXShellScriptBuildPhase;
			buildActionMask = 2147483647;
			files = (
			);
			inputPaths = (
				"${SRCROOT}/Pods/Target Support Files/Pods-BestBefore/Pods-BestBefore-frameworks.sh",
				"${BUILT_PRODUCTS_DIR}/TesseractOCRiOS/TesseractOCR.framework",
			);
			name = "[CP] Embed Pods Frameworks";
			outputPaths = (
				"${TARGET_BUILD_DIR}/${FRAMEWORKS_FOLDER_PATH}/TesseractOCR.framework",
			);
			runOnlyForDeploymentPostprocessing = 0;
			shellPath = /bin/sh;
			shellScript = "\"${SRCROOT}/Pods/Target Support Files/Pods-BestBefore/Pods-BestBefore-frameworks.sh\"\n";
			showEnvVarsInLog = 0;
		};
/* End PBXShellScriptBuildPhase section */

/* Begin PBXSourcesBuildPhase section */
		66C368B12022B7AD000FCD5D /* Sources */ = {
			isa = PBXSourcesBuildPhase;
			buildActionMask = 2147483647;
			files = (
				BC3A2ECF209F6EF50015E288 /* imageEditViewController.swift in Sources */,
				6682E6E8202C2BD900F7C902 /* AlarmViewController.swift in Sources */,
				BCFF5A6420B5DACB006642F1 /* CropRectView.swift in Sources */,
				66F574AB202BDE4F00F2FBD3 /* AlarmClass.swift in Sources */,
				66F574AF202BF13C00F2FBD3 /* DetailTableViewController.swift in Sources */,
				DD21AC4620FE11A30015BA27 /* TextDetection.swift in Sources */,
				BCFF5A6620B5DB06006642F1 /* ResizeControl.swift in Sources */,
				DD21AC4520FE11A30015BA27 /* Utilities.swift in Sources */,
				66E2B8492029421A00EC0936 /* D-DayTableViewCell.swift in Sources */,
				66C368CD2022B959000FCD5D /* FoodClass.swift in Sources */,
				66E3726F202DA77D00A9C88F /* TesseractOCRTableViewController.swift in Sources */,
				66C368CB2022B7FC000FCD5D /* D-dayTableViewController.swift in Sources */,
				DD21AC4720FE11A30015BA27 /* DocumentLayoutAnalysis.swift in Sources */,
				66C695C6202AB756005C15DC /* AlarmTableViewController.swift in Sources */,
				DD21AC4420FE11A30015BA27 /* VoiceOver.swift in Sources */,
				DD21AC4920FE11A30015BA27 /* TesseractOCR.swift in Sources */,
				66C368BB2022B7AD000FCD5D /* ViewController.swift in Sources */,
				66C368B92022B7AD000FCD5D /* AppDelegate.swift in Sources */,
				DD21AC4820FE11A30015BA27 /* Camera.swift in Sources */,
				BCFF5A6020B5DA4C006642F1 /* CropViewController.swift in Sources */,
				66F574B9202D37DD00F2FBD3 /* DataCenter.swift in Sources */,
				66C695C8202AEC98005C15DC /* AlarmListTableViewController.swift in Sources */,
				BCFF5A6220B5DA80006642F1 /* CropView.swift in Sources */,
				BCFF5A6820B5DB40006642F1 /* UIImage+Crop.swift in Sources */,
				D79AB0BA202EC9DD00109C97 /* willAlertFood.swift in Sources */,
				66B7D186202975B500B5F9D0 /* AddTableViewController.swift in Sources */,
				EC8CE3B220EE50B0002AEB91 /* StringExtension.swift in Sources */,
				66CEC409202C3CBA000F2BD3 /* AlarmTableViewCell.swift in Sources */,
			);
			runOnlyForDeploymentPostprocessing = 0;
		};
/* End PBXSourcesBuildPhase section */

/* Begin PBXVariantGroup section */
		66C368BC2022B7AD000FCD5D /* Main.storyboard */ = {
			isa = PBXVariantGroup;
			children = (
				66C368BD2022B7AD000FCD5D /* Base */,
			);
			name = Main.storyboard;
			sourceTree = "<group>";
		};
		66C368C12022B7AD000FCD5D /* LaunchScreen.storyboard */ = {
			isa = PBXVariantGroup;
			children = (
				66C368C22022B7AD000FCD5D /* Base */,
			);
			name = LaunchScreen.storyboard;
			sourceTree = "<group>";
		};
		66F971D4202ADE8900137605 /* setting.storyboard */ = {
			isa = PBXVariantGroup;
			children = (
				66F971D5202ADE8900137605 /* Base */,
			);
			name = setting.storyboard;
			sourceTree = "<group>";
		};
/* End PBXVariantGroup section */

/* Begin XCBuildConfiguration section */
		66C368C52022B7AD000FCD5D /* Debug */ = {
			isa = XCBuildConfiguration;
			buildSettings = {
				ALWAYS_SEARCH_USER_PATHS = NO;
				CLANG_ANALYZER_NONNULL = YES;
				CLANG_ANALYZER_NUMBER_OBJECT_CONVERSION = YES_AGGRESSIVE;
				CLANG_CXX_LANGUAGE_STANDARD = "gnu++14";
				CLANG_CXX_LIBRARY = "libc++";
				CLANG_ENABLE_MODULES = YES;
				CLANG_ENABLE_OBJC_ARC = YES;
				CLANG_WARN_BLOCK_CAPTURE_AUTORELEASING = YES;
				CLANG_WARN_BOOL_CONVERSION = YES;
				CLANG_WARN_COMMA = YES;
				CLANG_WARN_CONSTANT_CONVERSION = YES;
				CLANG_WARN_DEPRECATED_OBJC_IMPLEMENTATIONS = YES;
				CLANG_WARN_DIRECT_OBJC_ISA_USAGE = YES_ERROR;
				CLANG_WARN_DOCUMENTATION_COMMENTS = YES;
				CLANG_WARN_EMPTY_BODY = YES;
				CLANG_WARN_ENUM_CONVERSION = YES;
				CLANG_WARN_INFINITE_RECURSION = YES;
				CLANG_WARN_INT_CONVERSION = YES;
				CLANG_WARN_NON_LITERAL_NULL_CONVERSION = YES;
				CLANG_WARN_OBJC_IMPLICIT_RETAIN_SELF = YES;
				CLANG_WARN_OBJC_LITERAL_CONVERSION = YES;
				CLANG_WARN_OBJC_ROOT_CLASS = YES_ERROR;
				CLANG_WARN_RANGE_LOOP_ANALYSIS = YES;
				CLANG_WARN_STRICT_PROTOTYPES = YES;
				CLANG_WARN_SUSPICIOUS_MOVE = YES;
				CLANG_WARN_UNGUARDED_AVAILABILITY = YES_AGGRESSIVE;
				CLANG_WARN_UNREACHABLE_CODE = YES;
				CLANG_WARN__DUPLICATE_METHOD_MATCH = YES;
				CODE_SIGN_IDENTITY = "iPhone Developer";
				COPY_PHASE_STRIP = NO;
				DEBUG_INFORMATION_FORMAT = dwarf;
				ENABLE_BITCODE = NO;
				ENABLE_STRICT_OBJC_MSGSEND = YES;
				ENABLE_TESTABILITY = YES;
				GCC_C_LANGUAGE_STANDARD = gnu11;
				GCC_DYNAMIC_NO_PIC = NO;
				GCC_NO_COMMON_BLOCKS = YES;
				GCC_OPTIMIZATION_LEVEL = 0;
				GCC_PREPROCESSOR_DEFINITIONS = (
					"DEBUG=1",
					"$(inherited)",
				);
				GCC_WARN_64_TO_32_BIT_CONVERSION = YES;
				GCC_WARN_ABOUT_RETURN_TYPE = YES_ERROR;
				GCC_WARN_UNDECLARED_SELECTOR = YES;
				GCC_WARN_UNINITIALIZED_AUTOS = YES_AGGRESSIVE;
				GCC_WARN_UNUSED_FUNCTION = YES;
				GCC_WARN_UNUSED_VARIABLE = YES;
				IPHONEOS_DEPLOYMENT_TARGET = 11.2;
				MTL_ENABLE_DEBUG_INFO = YES;
				ONLY_ACTIVE_ARCH = YES;
				SDKROOT = iphoneos;
				SWIFT_ACTIVE_COMPILATION_CONDITIONS = DEBUG;
				SWIFT_OBJC_BRIDGING_HEADER = "BestBefore/BestBefore-Bridging-Header.h";
				SWIFT_OPTIMIZATION_LEVEL = "-Onone";
			};
			name = Debug;
		};
		66C368C62022B7AD000FCD5D /* Release */ = {
			isa = XCBuildConfiguration;
			buildSettings = {
				ALWAYS_SEARCH_USER_PATHS = NO;
				CLANG_ANALYZER_NONNULL = YES;
				CLANG_ANALYZER_NUMBER_OBJECT_CONVERSION = YES_AGGRESSIVE;
				CLANG_CXX_LANGUAGE_STANDARD = "gnu++14";
				CLANG_CXX_LIBRARY = "libc++";
				CLANG_ENABLE_MODULES = YES;
				CLANG_ENABLE_OBJC_ARC = YES;
				CLANG_WARN_BLOCK_CAPTURE_AUTORELEASING = YES;
				CLANG_WARN_BOOL_CONVERSION = YES;
				CLANG_WARN_COMMA = YES;
				CLANG_WARN_CONSTANT_CONVERSION = YES;
				CLANG_WARN_DEPRECATED_OBJC_IMPLEMENTATIONS = YES;
				CLANG_WARN_DIRECT_OBJC_ISA_USAGE = YES_ERROR;
				CLANG_WARN_DOCUMENTATION_COMMENTS = YES;
				CLANG_WARN_EMPTY_BODY = YES;
				CLANG_WARN_ENUM_CONVERSION = YES;
				CLANG_WARN_INFINITE_RECURSION = YES;
				CLANG_WARN_INT_CONVERSION = YES;
				CLANG_WARN_NON_LITERAL_NULL_CONVERSION = YES;
				CLANG_WARN_OBJC_IMPLICIT_RETAIN_SELF = YES;
				CLANG_WARN_OBJC_LITERAL_CONVERSION = YES;
				CLANG_WARN_OBJC_ROOT_CLASS = YES_ERROR;
				CLANG_WARN_RANGE_LOOP_ANALYSIS = YES;
				CLANG_WARN_STRICT_PROTOTYPES = YES;
				CLANG_WARN_SUSPICIOUS_MOVE = YES;
				CLANG_WARN_UNGUARDED_AVAILABILITY = YES_AGGRESSIVE;
				CLANG_WARN_UNREACHABLE_CODE = YES;
				CLANG_WARN__DUPLICATE_METHOD_MATCH = YES;
				CODE_SIGN_IDENTITY = "iPhone Developer";
				COPY_PHASE_STRIP = NO;
				DEBUG_INFORMATION_FORMAT = "dwarf-with-dsym";
				ENABLE_BITCODE = NO;
				ENABLE_NS_ASSERTIONS = NO;
				ENABLE_STRICT_OBJC_MSGSEND = YES;
				GCC_C_LANGUAGE_STANDARD = gnu11;
				GCC_NO_COMMON_BLOCKS = YES;
				GCC_WARN_64_TO_32_BIT_CONVERSION = YES;
				GCC_WARN_ABOUT_RETURN_TYPE = YES_ERROR;
				GCC_WARN_UNDECLARED_SELECTOR = YES;
				GCC_WARN_UNINITIALIZED_AUTOS = YES_AGGRESSIVE;
				GCC_WARN_UNUSED_FUNCTION = YES;
				GCC_WARN_UNUSED_VARIABLE = YES;
				IPHONEOS_DEPLOYMENT_TARGET = 11.2;
				MTL_ENABLE_DEBUG_INFO = NO;
				SDKROOT = iphoneos;
				SWIFT_OBJC_BRIDGING_HEADER = "BestBefore/BestBefore-Bridging-Header.h";
				SWIFT_OPTIMIZATION_LEVEL = "-Owholemodule";
				VALIDATE_PRODUCT = YES;
			};
			name = Release;
		};
		66C368C82022B7AD000FCD5D /* Debug */ = {
			isa = XCBuildConfiguration;
			baseConfigurationReference = 04897A78C29761FF6F278F7B /* Pods-BestBefore.debug.xcconfig */;
			buildSettings = {
				ASSETCATALOG_COMPILER_APPICON_NAME = AppIcon;
				CLANG_ENABLE_MODULES = YES;
				CODE_SIGN_STYLE = Automatic;
				DEVELOPMENT_TEAM = 87W7XLLWC3;
				ENABLE_BITCODE = NO;
				INFOPLIST_FILE = BestBefore/Info.plist;
				LD_RUNPATH_SEARCH_PATHS = "$(inherited) @executable_path/Frameworks";
				PRODUCT_BUNDLE_IDENTIFIER = com.BestBefore;
				PRODUCT_NAME = "$(TARGET_NAME)";
				SWIFT_OBJC_BRIDGING_HEADER = "BestBefore/BestBefore-Bridging-Header.h";
				SWIFT_OPTIMIZATION_LEVEL = "-Onone";
				SWIFT_VERSION = 4.0;
				TARGETED_DEVICE_FAMILY = "1,2";
			};
			name = Debug;
		};
		66C368C92022B7AD000FCD5D /* Release */ = {
			isa = XCBuildConfiguration;
			baseConfigurationReference = A8B521C4509313A25C0D6BCA /* Pods-BestBefore.release.xcconfig */;
			buildSettings = {
				ASSETCATALOG_COMPILER_APPICON_NAME = AppIcon;
				CLANG_ENABLE_MODULES = YES;
				CODE_SIGN_STYLE = Automatic;
				DEVELOPMENT_TEAM = 87W7XLLWC3;
				ENABLE_BITCODE = NO;
				INFOPLIST_FILE = BestBefore/Info.plist;
				LD_RUNPATH_SEARCH_PATHS = "$(inherited) @executable_path/Frameworks";
				PRODUCT_BUNDLE_IDENTIFIER = com.BestBefore;
				PRODUCT_NAME = "$(TARGET_NAME)";
				SWIFT_OBJC_BRIDGING_HEADER = "BestBefore/BestBefore-Bridging-Header.h";
				SWIFT_VERSION = 4.0;
				TARGETED_DEVICE_FAMILY = "1,2";
			};
			name = Release;
		};
/* End XCBuildConfiguration section */

/* Begin XCConfigurationList section */
		66C368B02022B7AC000FCD5D /* Build configuration list for PBXProject "BestBefore" */ = {
			isa = XCConfigurationList;
			buildConfigurations = (
				66C368C52022B7AD000FCD5D /* Debug */,
				66C368C62022B7AD000FCD5D /* Release */,
			);
			defaultConfigurationIsVisible = 0;
			defaultConfigurationName = Release;
		};
		66C368C72022B7AD000FCD5D /* Build configuration list for PBXNativeTarget "BestBefore" */ = {
			isa = XCConfigurationList;
			buildConfigurations = (
				66C368C82022B7AD000FCD5D /* Debug */,
				66C368C92022B7AD000FCD5D /* Release */,
			);
			defaultConfigurationIsVisible = 0;
			defaultConfigurationName = Release;
		};
/* End XCConfigurationList section */
	};
	rootObject = 66C368AD2022B7AC000FCD5D /* Project object */;
}
